{
  "version": "4",
  "specifiers": {
    "jsr:@noble/curves@^1.8.1": "1.8.1",
    "jsr:@noble/hashes@1.7.1": "1.7.1",
    "jsr:@std/assert@1": "1.0.11",
    "jsr:@std/assert@^1.0.11": "1.0.11",
    "jsr:@std/internal@^1.0.5": "1.0.5"
  },
  "jsr": {
    "@noble/curves@1.8.1": {
      "integrity": "906a3cd5be77d9ecf4b82266f6d04bdae590038192d38f3a38d7279019c9ddb0",
      "dependencies": [
        "jsr:@noble/hashes"
      ]
    },
    "@noble/hashes@1.7.1": {
      "integrity": "2c29f1dc07943155f5c7384be6f570a749c2afee95a0557cdae02b4fd5956134"
    },
    "@std/assert@1.0.11": {
      "integrity": "2461ef3c368fe88bc60e186e7744a93112f16fd110022e113a0849e94d1c83c1",
      "dependencies": [
        "jsr:@std/internal"
      ]
    },
    "@std/internal@1.0.5": {
      "integrity": "54a546004f769c1ac9e025abd15a76b6671ddc9687e2313b67376125650dc7ba"
    }
  },
  "workspace": {
    "dependencies": [
      "jsr:@std/assert@1"
    ],
    "members": {
      "ini": {
        "dependencies": [
          "jsr:@std/assert@^1.0.11"
        ]
      },
      "keys": {
        "dependencies": [
          "jsr:@noble/curves@^1.8.1",
          "jsr:@std/assert@^1.0.11"
        ]
      }
    }
  }
}