{
  "version": "4",
  "specifiers": {
    "jsr:@noble/curves@^1.8.0": "1.8.1",
    "jsr:@noble/curves@^1.8.1": "1.8.1",
    "jsr:@noble/hashes@1.7.1": "1.7.1",
    "jsr:@std/assert@^1.0.11": "1.0.11",
    "jsr:@std/bytes@^1.0.3": "1.0.4",
    "jsr:@std/internal@^1.0.5": "1.0.5",
    "jsr:@std/path@*": "1.0.8",
    "jsr:@std/streams@*": "1.0.8",
    "jsr:@std/streams@^1.0.8": "1.0.8",
    "npm:@types/node@*": "22.5.4"
  },
  "jsr": {
    "@noble/curves@1.8.1": {
      "integrity": "906a3cd5be77d9ecf4b82266f6d04bdae590038192d38f3a38d7279019c9ddb0",
      "dependencies": [
        "jsr:@noble/hashes"
      ]
    },
    "@noble/hashes@1.7.1": {
      "integrity": "2c29f1dc07943155f5c7384be6f570a749c2afee95a0557cdae02b4fd5956134"
    },
    "@std/assert@1.0.11": {
      "integrity": "2461ef3c368fe88bc60e186e7744a93112f16fd110022e113a0849e94d1c83c1",
      "dependencies": [
        "jsr:@std/internal"
      ]
    },
    "@std/bytes@1.0.4": {
      "integrity": "11a0debe522707c95c7b7ef89b478c13fb1583a7cfb9a85674cd2cc2e3a28abc"
    },
    "@std/internal@1.0.5": {
      "integrity": "54a546004f769c1ac9e025abd15a76b6671ddc9687e2313b67376125650dc7ba"
    },
    "@std/path@1.0.8": {
      "integrity": "548fa456bb6a04d3c1a1e7477986b6cffbce95102d0bb447c67c4ee70e0364be"
    },
    "@std/streams@1.0.8": {
      "integrity": "b41332d93d2cf6a82fe4ac2153b930adf1a859392931e2a19d9fabfb6f154fb3",
      "dependencies": [
        "jsr:@std/bytes"
      ]
    }
  },
  "npm": {
    "@types/node@22.5.4": {
      "integrity": "sha512-FDuKUJQm/ju9fT/SeX/6+gBzoPzlVCzfzmGkwKvRHQVxi4BntVbyIwf6a4Xn62mrvndLiml6z/UBXIdEVjQLXg==",
      "dependencies": [
        "undici-types"
      ]
    },
    "undici-types@6.19.8": {
      "integrity": "sha512-ve2KP6f/JnbPBFyobGHuerC9g1FYGn/F8n1LWTwNxCEzd6IfqTwUQcNXgEtmmQ6DlRrC1hrSrBnCZPokRrDHjw=="
    }
  },
  "workspace": {
    "dependencies": [
      "jsr:@hertzg/wg-conf@~0.1.2",
      "jsr:@hertzg/wg-ini@~0.1.2",
      "jsr:@hertzg/wg-keys@~0.1.2",
      "jsr:@noble/curves@^1.8.1",
      "jsr:@std/assert@^1.0.11",
      "jsr:@std/streams@^1.0.8"
    ]
  }
}
